
Microsoft Visual Studio Solution File, Format Version 12.00
# Visual Studio Version 16
VisualStudioVersion = 16.0.29509.3
MinimumVisualStudioVersion = 10.0.40219.1
Project("{FAE04EC0-301F-11D3-BF4B-00C04F79EFBC}") = "GradesPrototype", "GradesPrototype\GradesPrototype.csproj", "{8E5FC82F-F511-4FA3-9733-5AC0A4113CEE}"
EndProject
Project("{2150E333-8FDC-42A3-9474-1A3956D46DE8}") = "Solution Items", "Solution Items", "{CF5970A9-DE70-4FCD-B20F-2864474C7B72}"
	ProjectSection(SolutionItems) = preProject
		TODO Exercise 2 Task 3.txt = TODO Exercise 2 Task 3.txt
	EndProjectSection
EndProject
Project("{FAE04EC0-301F-11D3-BF4B-00C04F79EFBC}") = "GradesTest", "GradesTest\GradesTest.csproj", "{FE8A1FA8-8C73-4207-ADCC-E462F8FB23DD}"
EndProject
Global
	GlobalSection(SolutionConfigurationPlatforms) = preSolution
		Debug|Any CPU = Debug|Any CPU
		Release|Any CPU = Release|Any CPU
	EndGlobalSection
	GlobalSection(ProjectConfigurationPlatforms) = postSolution
		{8E5FC82F-F511-4FA3-9733-5AC0A4113CEE}.Debug|Any CPU.ActiveCfg = Debug|Any CPU
		{8E5FC82F-F511-4FA3-9733-5AC0A4113CEE}.Debug|Any CPU.Build.0 = Debug|Any CPU
		{8E5FC82F-F511-4FA3-9733-5AC0A4113CEE}.Release|Any CPU.ActiveCfg = Release|Any CPU
		{8E5FC82F-F511-4FA3-9733-5AC0A4113CEE}.Release|Any CPU.Build.0 = Release|Any CPU
		{FE8A1FA8-8C73-4207-ADCC-E462F8FB23DD}.Debug|Any CPU.ActiveCfg = Debug|Any CPU
		{FE8A1FA8-8C73-4207-ADCC-E462F8FB23DD}.Debug|Any CPU.Build.0 = Debug|Any CPU
		{FE8A1FA8-8C73-4207-ADCC-E462F8FB23DD}.Release|Any CPU.ActiveCfg = Release|Any CPU
		{FE8A1FA8-8C73-4207-ADCC-E462F8FB23DD}.Release|Any CPU.Build.0 = Release|Any CPU
	EndGlobalSection
	GlobalSection(SolutionProperties) = preSolution
		HideSolutionNode = FALSE
	EndGlobalSection
	GlobalSection(ExtensibilityGlobals) = postSolution
		SolutionGuid = {0500BA3C-B703-4BD6-8825-7824230A5B5A}
	EndGlobalSection
EndGlobal
